
Microsoft Visual Studio Solution File, Format Version 12.00
# Visual Studio Version 17
VisualStudioVersion = 17.13.35913.81 d17.13
MinimumVisualStudioVersion = 10.0.40219.1
Project("{FAE04EC0-301F-11D3-BF4B-00C04F79EFBC}") = "projekt", "projekt\projekt.csproj", "{6E89ECF0-4371-45DA-9D8A-09373861EA21}"
EndProject
Global
	GlobalSection(SolutionConfigurationPlatforms) = preSolution
		Debug|Any CPU = Debug|Any CPU
		Release|Any CPU = Release|Any CPU
	EndGlobalSection
	GlobalSection(ProjectConfigurationPlatforms) = postSolution
		{6E89ECF0-4371-45DA-9D8A-09373861EA21}.Debug|Any CPU.ActiveCfg = Debug|Any CPU
		{6E89ECF0-4371-45DA-9D8A-09373861EA21}.Debug|Any CPU.Build.0 = Debug|Any CPU
		{6E89ECF0-4371-45DA-9D8A-09373861EA21}.Release|Any CPU.ActiveCfg = Release|Any CPU
		{6E89ECF0-4371-45DA-9D8A-09373861EA21}.Release|Any CPU.Build.0 = Release|Any CPU
	EndGlobalSection
	GlobalSection(SolutionProperties) = preSolution
		HideSolutionNode = FALSE
	EndGlobalSection
	GlobalSection(ExtensibilityGlobals) = postSolution
		SolutionGuid = {94AAD202-F06F-40E0-8474-7D92A2855684}
	EndGlobalSection
EndGlobal
